
Microsoft Visual Studio Solution File, Format Version 12.00
# Visual Studio Version 16
VisualStudioVersion = 16.0.33423.256
MinimumVisualStudioVersion = 10.0.40219.1
Project("{FAE04EC0-301F-11D3-BF4B-00C04F79EFBC}") = "SalesWebMvc", "SalesWebMvc\SalesWebMvc.csproj", "{D9B95858-477A-411F-BB6F-C6A37B007F76}"
EndProject
Global
	GlobalSection(SolutionConfigurationPlatforms) = preSolution
		Debug|Any CPU = Debug|Any CPU
		Release|Any CPU = Release|Any CPU
	EndGlobalSection
	GlobalSection(ProjectConfigurationPlatforms) = postSolution
		{D9B95858-477A-411F-BB6F-C6A37B007F76}.Debug|Any CPU.ActiveCfg = Debug|Any CPU
		{D9B95858-477A-411F-BB6F-C6A37B007F76}.Debug|Any CPU.Build.0 = Debug|Any CPU
		{D9B95858-477A-411F-BB6F-C6A37B007F76}.Release|Any CPU.ActiveCfg = Release|Any CPU
		{D9B95858-477A-411F-BB6F-C6A37B007F76}.Release|Any CPU.Build.0 = Release|Any CPU
	EndGlobalSection
	GlobalSection(SolutionProperties) = preSolution
		HideSolutionNode = FALSE
	EndGlobalSection
	GlobalSection(ExtensibilityGlobals) = postSolution
		SolutionGuid = {4FE8A341-A74B-4065-85DA-11C7E280416D}
	EndGlobalSection
EndGlobal
